
Microsoft Visual Studio Solution File, Format Version 12.00
# Visual Studio Version 17
VisualStudioVersion = 17.11.35303.130
MinimumVisualStudioVersion = 10.0.40219.1
Project("{FAE04EC0-301F-11D3-BF4B-00C04F79EFBC}") = "PongMonogame", "PongMonogame.csproj", "{C20805C6-C2B2-43D2-AA53-0D30E0A98133}"
EndProject
Global
	GlobalSection(SolutionConfigurationPlatforms) = preSolution
		Debug|Any CPU = Debug|Any CPU
		Release|Any CPU = Release|Any CPU
	EndGlobalSection
	GlobalSection(ProjectConfigurationPlatforms) = postSolution
		{C20805C6-C2B2-43D2-AA53-0D30E0A98133}.Debug|Any CPU.ActiveCfg = Debug|Any CPU
		{C20805C6-C2B2-43D2-AA53-0D30E0A98133}.Debug|Any CPU.Build.0 = Debug|Any CPU
		{C20805C6-C2B2-43D2-AA53-0D30E0A98133}.Release|Any CPU.ActiveCfg = Release|Any CPU
		{C20805C6-C2B2-43D2-AA53-0D30E0A98133}.Release|Any CPU.Build.0 = Release|Any CPU
	EndGlobalSection
	GlobalSection(SolutionProperties) = preSolution
		HideSolutionNode = FALSE
	EndGlobalSection
	GlobalSection(ExtensibilityGlobals) = postSolution
		SolutionGuid = {8182CEBA-BB99-4856-8226-1C8E47632CBA}
	EndGlobalSection
EndGlobal
